
Microsoft Visual Studio Solution File, Format Version 12.00
# Visual Studio Version 17
VisualStudioVersion = 17.2.32630.192
MinimumVisualStudioVersion = 10.0.40219.1
Project("{FAE04EC0-301F-11D3-BF4B-00C04F79EFBC}") = "AddNumbers", "AddNumbers\AddNumbers.csproj", "{03C051E5-0774-4D99-820B-CA56ABE900CF}"
EndProject
Global
	GlobalSection(SolutionConfigurationPlatforms) = preSolution
		Debug|Any CPU = Debug|Any CPU
		Release|Any CPU = Release|Any CPU
	EndGlobalSection
	GlobalSection(ProjectConfigurationPlatforms) = postSolution
		{03C051E5-0774-4D99-820B-CA56ABE900CF}.Debug|Any CPU.ActiveCfg = Debug|Any CPU
		{03C051E5-0774-4D99-820B-CA56ABE900CF}.Debug|Any CPU.Build.0 = Debug|Any CPU
		{03C051E5-0774-4D99-820B-CA56ABE900CF}.Release|Any CPU.ActiveCfg = Release|Any CPU
		{03C051E5-0774-4D99-820B-CA56ABE900CF}.Release|Any CPU.Build.0 = Release|Any CPU
	EndGlobalSection
	GlobalSection(SolutionProperties) = preSolution
		HideSolutionNode = FALSE
	EndGlobalSection
	GlobalSection(ExtensibilityGlobals) = postSolution
		SolutionGuid = {50D57E52-70FC-4413-AFA2-4F1FF09CCA41}
	EndGlobalSection
EndGlobal
